
Microsoft Visual Studio Solution File, Format Version 12.00
# Visual Studio Version 17
VisualStudioVersion = 17.14.36511.14 d17.14
MinimumVisualStudioVersion = 10.0.40219.1
Project("{FAE04EC0-301F-11D3-BF4B-00C04F79EFBC}") = "Program mencari luas menggunakan percabangan switch case", "Program mencari luas menggunakan percabangan switch case\Program mencari luas menggunakan percabangan switch case.csproj", "{1F3921B4-EB9D-4B4D-BB12-10CC9D925CE2}"
EndProject
Global
	GlobalSection(SolutionConfigurationPlatforms) = preSolution
		Debug|Any CPU = Debug|Any CPU
		Release|Any CPU = Release|Any CPU
	EndGlobalSection
	GlobalSection(ProjectConfigurationPlatforms) = postSolution
		{1F3921B4-EB9D-4B4D-BB12-10CC9D925CE2}.Debug|Any CPU.ActiveCfg = Debug|Any CPU
		{1F3921B4-EB9D-4B4D-BB12-10CC9D925CE2}.Debug|Any CPU.Build.0 = Debug|Any CPU
		{1F3921B4-EB9D-4B4D-BB12-10CC9D925CE2}.Release|Any CPU.ActiveCfg = Release|Any CPU
		{1F3921B4-EB9D-4B4D-BB12-10CC9D925CE2}.Release|Any CPU.Build.0 = Release|Any CPU
	EndGlobalSection
	GlobalSection(SolutionProperties) = preSolution
		HideSolutionNode = FALSE
	EndGlobalSection
	GlobalSection(ExtensibilityGlobals) = postSolution
		SolutionGuid = {AF8B62E6-7FCA-4922-97E0-D273884AFE46}
	EndGlobalSection
EndGlobal
