
Microsoft Visual Studio Solution File, Format Version 12.00
# Visual Studio Version 17
VisualStudioVersion = 17.14.36511.14 d17.14
MinimumVisualStudioVersion = 10.0.40219.1
Project("{FAE04EC0-301F-11D3-BF4B-00C04F79EFBC}") = "Kalkulator_nadia nazarani_X PPLG 1", "Kalkulator_nadia nazarani_X PPLG 1\Kalkulator_nadia nazarani_X PPLG 1.csproj", "{4C09E6A5-5370-46B4-BE1E-54EDA84A074F}"
EndProject
Global
	GlobalSection(SolutionConfigurationPlatforms) = preSolution
		Debug|Any CPU = Debug|Any CPU
		Release|Any CPU = Release|Any CPU
	EndGlobalSection
	GlobalSection(ProjectConfigurationPlatforms) = postSolution
		{4C09E6A5-5370-46B4-BE1E-54EDA84A074F}.Debug|Any CPU.ActiveCfg = Debug|Any CPU
		{4C09E6A5-5370-46B4-BE1E-54EDA84A074F}.Debug|Any CPU.Build.0 = Debug|Any CPU
		{4C09E6A5-5370-46B4-BE1E-54EDA84A074F}.Release|Any CPU.ActiveCfg = Release|Any CPU
		{4C09E6A5-5370-46B4-BE1E-54EDA84A074F}.Release|Any CPU.Build.0 = Release|Any CPU
	EndGlobalSection
	GlobalSection(SolutionProperties) = preSolution
		HideSolutionNode = FALSE
	EndGlobalSection
	GlobalSection(ExtensibilityGlobals) = postSolution
		SolutionGuid = {ED38CE7B-5A67-4860-B2A5-C0A89A749655}
	EndGlobalSection
EndGlobal
