
Microsoft Visual Studio Solution File, Format Version 12.00
# Visual Studio Version 17
VisualStudioVersion = 17.14.36511.14 d17.14
MinimumVisualStudioVersion = 10.0.40219.1
Project("{FAE04EC0-301F-11D3-BF4B-00C04F79EFBC}") = "project 1.1", "project 1.1\project 1.1.csproj", "{FCC0A53F-E778-4AE4-BFB8-D3B56AEA9BB4}"
EndProject
Global
	GlobalSection(SolutionConfigurationPlatforms) = preSolution
		Debug|Any CPU = Debug|Any CPU
		Release|Any CPU = Release|Any CPU
	EndGlobalSection
	GlobalSection(ProjectConfigurationPlatforms) = postSolution
		{FCC0A53F-E778-4AE4-BFB8-D3B56AEA9BB4}.Debug|Any CPU.ActiveCfg = Debug|Any CPU
		{FCC0A53F-E778-4AE4-BFB8-D3B56AEA9BB4}.Debug|Any CPU.Build.0 = Debug|Any CPU
		{FCC0A53F-E778-4AE4-BFB8-D3B56AEA9BB4}.Release|Any CPU.ActiveCfg = Release|Any CPU
		{FCC0A53F-E778-4AE4-BFB8-D3B56AEA9BB4}.Release|Any CPU.Build.0 = Release|Any CPU
	EndGlobalSection
	GlobalSection(SolutionProperties) = preSolution
		HideSolutionNode = FALSE
	EndGlobalSection
	GlobalSection(ExtensibilityGlobals) = postSolution
		SolutionGuid = {828CC74A-A5E0-4AF0-8409-455F73549F24}
	EndGlobalSection
EndGlobal
