
Microsoft Visual Studio Solution File, Format Version 12.00
# Visual Studio Version 17
VisualStudioVersion = 17.14.36511.14 d17.14
MinimumVisualStudioVersion = 10.0.40219.1
Project("{FAE04EC0-301F-11D3-BF4B-00C04F79EFBC}") = "Program menghitung luas bangunan", "Program menghitung luas bangunan\Program menghitung luas bangunan.csproj", "{17655A17-5333-4125-A422-28677B96153E}"
EndProject
Global
	GlobalSection(SolutionConfigurationPlatforms) = preSolution
		Debug|Any CPU = Debug|Any CPU
		Release|Any CPU = Release|Any CPU
	EndGlobalSection
	GlobalSection(ProjectConfigurationPlatforms) = postSolution
		{17655A17-5333-4125-A422-28677B96153E}.Debug|Any CPU.ActiveCfg = Debug|Any CPU
		{17655A17-5333-4125-A422-28677B96153E}.Debug|Any CPU.Build.0 = Debug|Any CPU
		{17655A17-5333-4125-A422-28677B96153E}.Release|Any CPU.ActiveCfg = Release|Any CPU
		{17655A17-5333-4125-A422-28677B96153E}.Release|Any CPU.Build.0 = Release|Any CPU
	EndGlobalSection
	GlobalSection(SolutionProperties) = preSolution
		HideSolutionNode = FALSE
	EndGlobalSection
	GlobalSection(ExtensibilityGlobals) = postSolution
		SolutionGuid = {9A9D24FC-DD1F-4166-9513-B81F9B3DDC1A}
	EndGlobalSection
EndGlobal
