
Microsoft Visual Studio Solution File, Format Version 12.00
# Visual Studio Version 17
VisualStudioVersion = 17.14.36511.14 d17.14
MinimumVisualStudioVersion = 10.0.40219.1
Project("{FAE04EC0-301F-11D3-BF4B-00C04F79EFBC}") = "fungsi_hitung_luas", "fungsi_hitung_luas\fungsi_hitung_luas.csproj", "{B59E10FF-7C21-4B1F-9638-19B62E4CB0C6}"
EndProject
Global
	GlobalSection(SolutionConfigurationPlatforms) = preSolution
		Debug|Any CPU = Debug|Any CPU
		Release|Any CPU = Release|Any CPU
	EndGlobalSection
	GlobalSection(ProjectConfigurationPlatforms) = postSolution
		{B59E10FF-7C21-4B1F-9638-19B62E4CB0C6}.Debug|Any CPU.ActiveCfg = Debug|Any CPU
		{B59E10FF-7C21-4B1F-9638-19B62E4CB0C6}.Debug|Any CPU.Build.0 = Debug|Any CPU
		{B59E10FF-7C21-4B1F-9638-19B62E4CB0C6}.Release|Any CPU.ActiveCfg = Release|Any CPU
		{B59E10FF-7C21-4B1F-9638-19B62E4CB0C6}.Release|Any CPU.Build.0 = Release|Any CPU
	EndGlobalSection
	GlobalSection(SolutionProperties) = preSolution
		HideSolutionNode = FALSE
	EndGlobalSection
	GlobalSection(ExtensibilityGlobals) = postSolution
		SolutionGuid = {F974BF05-8AFD-4D2E-A902-D8581B628058}
	EndGlobalSection
EndGlobal
